
Microsoft Visual Studio Solution File, Format Version 12.00
# Visual Studio Version 17
VisualStudioVersion = 17.11.35327.3
MinimumVisualStudioVersion = 10.0.40219.1
Project("{2150E333-8FDC-42A3-9474-1A3956D46DE8}") = "src", "src", "{008EDEF8-D4B5-44DC-A95A-7D911B0D4A7D}"
EndProject
Project("{FAE04EC0-301F-11D3-BF4B-00C04F79EFBC}") = "Moongazing.ElasticSearch", "src\Moongazing.ElasticSearch\Moongazing.ElasticSearch.csproj", "{27BE998B-06B7-4D13-88A5-DCD0557F3A89}"
EndProject
Project("{FAE04EC0-301F-11D3-BF4B-00C04F79EFBC}") = "Moongazing.Api", "src\Moongazing.Api\Moongazing.Api.csproj", "{C023C9E4-88D3-4FB0-AB06-7644D338DA93}"
EndProject
Global
	GlobalSection(SolutionConfigurationPlatforms) = preSolution
		Debug|Any CPU = Debug|Any CPU
		Release|Any CPU = Release|Any CPU
	EndGlobalSection
	GlobalSection(ProjectConfigurationPlatforms) = postSolution
		{27BE998B-06B7-4D13-88A5-DCD0557F3A89}.Debug|Any CPU.ActiveCfg = Debug|Any CPU
		{27BE998B-06B7-4D13-88A5-DCD0557F3A89}.Debug|Any CPU.Build.0 = Debug|Any CPU
		{27BE998B-06B7-4D13-88A5-DCD0557F3A89}.Release|Any CPU.ActiveCfg = Release|Any CPU
		{27BE998B-06B7-4D13-88A5-DCD0557F3A89}.Release|Any CPU.Build.0 = Release|Any CPU
		{C023C9E4-88D3-4FB0-AB06-7644D338DA93}.Debug|Any CPU.ActiveCfg = Debug|Any CPU
		{C023C9E4-88D3-4FB0-AB06-7644D338DA93}.Debug|Any CPU.Build.0 = Debug|Any CPU
		{C023C9E4-88D3-4FB0-AB06-7644D338DA93}.Release|Any CPU.ActiveCfg = Release|Any CPU
		{C023C9E4-88D3-4FB0-AB06-7644D338DA93}.Release|Any CPU.Build.0 = Release|Any CPU
	EndGlobalSection
	GlobalSection(SolutionProperties) = preSolution
		HideSolutionNode = FALSE
	EndGlobalSection
	GlobalSection(NestedProjects) = preSolution
		{27BE998B-06B7-4D13-88A5-DCD0557F3A89} = {008EDEF8-D4B5-44DC-A95A-7D911B0D4A7D}
	EndGlobalSection
	GlobalSection(ExtensibilityGlobals) = postSolution
		SolutionGuid = {C24BE3CF-414A-4064-8847-41AB88DDCC67}
	EndGlobalSection
EndGlobal
